
Microsoft Visual Studio Solution File, Format Version 12.00
# Visual Studio Version 17
VisualStudioVersion = 17.5.002.0
MinimumVisualStudioVersion = 10.0.40219.1
Project("{2150E333-8FDC-42A3-9474-1A3956D46DE8}") = "csharp-prep", "csharp-prep", "{52BFE9B8-8CF6-4FBE-BD49-D31E8F18FAD5}"
EndProject
Project("{9A19103F-16F7-4668-BE54-9A1E7A4F7556}") = "Prep1", "csharp-prep\Prep1\Prep1.csproj", "{9181AE55-D9F9-4BB3-90A3-B8A17AF85EB9}"
EndProject
Project("{9A19103F-16F7-4668-BE54-9A1E7A4F7556}") = "Prep2", "csharp-prep\Prep2\Prep2.csproj", "{08414112-440E-4454-927F-35AC9435DE7E}"
EndProject
Project("{9A19103F-16F7-4668-BE54-9A1E7A4F7556}") = "Prep3", "csharp-prep\Prep3\Prep3.csproj", "{815E57DF-C51A-4C68-95B1-B08E09D1441C}"
EndProject
Project("{9A19103F-16F7-4668-BE54-9A1E7A4F7556}") = "Prep4", "csharp-prep\Prep4\Prep4.csproj", "{7067B24F-A3E4-4C01-BD2C-E62E252C3C1A}"
EndProject
Project("{9A19103F-16F7-4668-BE54-9A1E7A4F7556}") = "Prep5", "csharp-prep\Prep5\Prep5.csproj", "{39F5F7AF-3C6B-41E1-97CC-44FB2B88A67B}"
EndProject
Project("{2150E333-8FDC-42A3-9474-1A3956D46DE8}") = "final", "final", "{D966F5BC-54A3-490F-BE4F-615A245C6AAF}"
EndProject
Project("{9A19103F-16F7-4668-BE54-9A1E7A4F7556}") = "FinalProject", "final\FinalProject\FinalProject.csproj", "{21DC2279-D22F-4BFC-8AB2-1838D2BD1440}"
EndProject
Project("{9A19103F-16F7-4668-BE54-9A1E7A4F7556}") = "Foundation1", "final\Foundation1\Foundation1.csproj", "{7FDB35AB-3233-45CD-AA5D-6AC17B71931D}"
EndProject
Project("{9A19103F-16F7-4668-BE54-9A1E7A4F7556}") = "Foundation2", "final\Foundation2\Foundation2.csproj", "{E0298CD7-C73B-477B-89DD-586FEC4153C0}"
EndProject
Project("{9A19103F-16F7-4668-BE54-9A1E7A4F7556}") = "Foundation3", "final\Foundation3\Foundation3.csproj", "{904B5BEE-5FD5-4D3E-B46B-8F435BC491C6}"
EndProject
Project("{9A19103F-16F7-4668-BE54-9A1E7A4F7556}") = "Foundation4", "final\Foundation4\Foundation4.csproj", "{C2DC6C8C-AA80-47D9-B2A7-DC596D01FCBA}"
EndProject
Project("{2150E333-8FDC-42A3-9474-1A3956D46DE8}") = "prepare", "prepare", "{34946308-C1AD-431D-A1D5-526F426C1ED5}"
EndProject
Project("{9A19103F-16F7-4668-BE54-9A1E7A4F7556}") = "Learning02", "prepare\Learning02\Learning02.csproj", "{68206755-4703-47AF-9F72-28ADAB72E0C2}"
EndProject
Project("{9A19103F-16F7-4668-BE54-9A1E7A4F7556}") = "Learning03", "prepare\Learning03\Learning03.csproj", "{D5434850-3B28-4AFF-968A-366BF1A43B83}"
EndProject
Project("{9A19103F-16F7-4668-BE54-9A1E7A4F7556}") = "Learning04", "prepare\Learning04\Learning04.csproj", "{F10F938A-E18E-4531-9659-2CED866C35E7}"
EndProject
Project("{9A19103F-16F7-4668-BE54-9A1E7A4F7556}") = "Learning05", "prepare\Learning05\Learning05.csproj", "{55C2BCDA-1BFB-4B1E-978C-E2B0778F0DD3}"
EndProject
Project("{2150E333-8FDC-42A3-9474-1A3956D46DE8}") = "prove", "prove", "{6057AABF-5E29-4A42-86A5-7FFE661D91CA}"
EndProject
Project("{9A19103F-16F7-4668-BE54-9A1E7A4F7556}") = "Develop02", "prove\Develop02\Develop02.csproj", "{31AC447F-F7F7-4A17-B927-568C9168F958}"
EndProject
Project("{9A19103F-16F7-4668-BE54-9A1E7A4F7556}") = "Develop03", "prove\Develop03\Develop03.csproj", "{EAE9666E-8801-40B3-8E81-8FB2DA3C0E34}"
EndProject
Project("{9A19103F-16F7-4668-BE54-9A1E7A4F7556}") = "Develop04", "prove\Develop04\Develop04.csproj", "{2BB61E9C-4C46-48CE-AB28-AE4D82872A27}"
EndProject
Project("{9A19103F-16F7-4668-BE54-9A1E7A4F7556}") = "Develop05", "prove\Develop05\Develop05.csproj", "{7E74D66A-9492-4DF4-B8E8-68EAA2BB808B}"
EndProject
Project("{2150E333-8FDC-42A3-9474-1A3956D46DE8}") = "sandbox", "sandbox", "{8FD79226-C59E-4B7B-9F1E-A232D55876B9}"
EndProject
Project("{9A19103F-16F7-4668-BE54-9A1E7A4F7556}") = "Sandbox", "sandbox\Sandbox\Sandbox.csproj", "{C8C69A8C-AE1B-477B-ACFE-42A71AB14FE3}"
EndProject
Global
	GlobalSection(SolutionConfigurationPlatforms) = preSolution
		Debug|Any CPU = Debug|Any CPU
		Release|Any CPU = Release|Any CPU
	EndGlobalSection
	GlobalSection(ProjectConfigurationPlatforms) = postSolution
		{9181AE55-D9F9-4BB3-90A3-B8A17AF85EB9}.Debug|Any CPU.ActiveCfg = Debug|Any CPU
		{9181AE55-D9F9-4BB3-90A3-B8A17AF85EB9}.Debug|Any CPU.Build.0 = Debug|Any CPU
		{9181AE55-D9F9-4BB3-90A3-B8A17AF85EB9}.Release|Any CPU.ActiveCfg = Release|Any CPU
		{9181AE55-D9F9-4BB3-90A3-B8A17AF85EB9}.Release|Any CPU.Build.0 = Release|Any CPU
		{08414112-440E-4454-927F-35AC9435DE7E}.Debug|Any CPU.ActiveCfg = Debug|Any CPU
		{08414112-440E-4454-927F-35AC9435DE7E}.Debug|Any CPU.Build.0 = Debug|Any CPU
		{08414112-440E-4454-927F-35AC9435DE7E}.Release|Any CPU.ActiveCfg = Release|Any CPU
		{08414112-440E-4454-927F-35AC9435DE7E}.Release|Any CPU.Build.0 = Release|Any CPU
		{815E57DF-C51A-4C68-95B1-B08E09D1441C}.Debug|Any CPU.ActiveCfg = Debug|Any CPU
		{815E57DF-C51A-4C68-95B1-B08E09D1441C}.Debug|Any CPU.Build.0 = Debug|Any CPU
		{815E57DF-C51A-4C68-95B1-B08E09D1441C}.Release|Any CPU.ActiveCfg = Release|Any CPU
		{815E57DF-C51A-4C68-95B1-B08E09D1441C}.Release|Any CPU.Build.0 = Release|Any CPU
		{7067B24F-A3E4-4C01-BD2C-E62E252C3C1A}.Debug|Any CPU.ActiveCfg = Debug|Any CPU
		{7067B24F-A3E4-4C01-BD2C-E62E252C3C1A}.Debug|Any CPU.Build.0 = Debug|Any CPU
		{7067B24F-A3E4-4C01-BD2C-E62E252C3C1A}.Release|Any CPU.ActiveCfg = Release|Any CPU
		{7067B24F-A3E4-4C01-BD2C-E62E252C3C1A}.Release|Any CPU.Build.0 = Release|Any CPU
		{39F5F7AF-3C6B-41E1-97CC-44FB2B88A67B}.Debug|Any CPU.ActiveCfg = Debug|Any CPU
		{39F5F7AF-3C6B-41E1-97CC-44FB2B88A67B}.Debug|Any CPU.Build.0 = Debug|Any CPU
		{39F5F7AF-3C6B-41E1-97CC-44FB2B88A67B}.Release|Any CPU.ActiveCfg = Release|Any CPU
		{39F5F7AF-3C6B-41E1-97CC-44FB2B88A67B}.Release|Any CPU.Build.0 = Release|Any CPU
		{21DC2279-D22F-4BFC-8AB2-1838D2BD1440}.Debug|Any CPU.ActiveCfg = Debug|Any CPU
		{21DC2279-D22F-4BFC-8AB2-1838D2BD1440}.Debug|Any CPU.Build.0 = Debug|Any CPU
		{21DC2279-D22F-4BFC-8AB2-1838D2BD1440}.Release|Any CPU.ActiveCfg = Release|Any CPU
		{21DC2279-D22F-4BFC-8AB2-1838D2BD1440}.Release|Any CPU.Build.0 = Release|Any CPU
		{7FDB35AB-3233-45CD-AA5D-6AC17B71931D}.Debug|Any CPU.ActiveCfg = Debug|Any CPU
		{7FDB35AB-3233-45CD-AA5D-6AC17B71931D}.Debug|Any CPU.Build.0 = Debug|Any CPU
		{7FDB35AB-3233-45CD-AA5D-6AC17B71931D}.Release|Any CPU.ActiveCfg = Release|Any CPU
		{7FDB35AB-3233-45CD-AA5D-6AC17B71931D}.Release|Any CPU.Build.0 = Release|Any CPU
		{E0298CD7-C73B-477B-89DD-586FEC4153C0}.Debug|Any CPU.ActiveCfg = Debug|Any CPU
		{E0298CD7-C73B-477B-89DD-586FEC4153C0}.Debug|Any CPU.Build.0 = Debug|Any CPU
		{E0298CD7-C73B-477B-89DD-586FEC4153C0}.Release|Any CPU.ActiveCfg = Release|Any CPU
		{E0298CD7-C73B-477B-89DD-586FEC4153C0}.Release|Any CPU.Build.0 = Release|Any CPU
		{904B5BEE-5FD5-4D3E-B46B-8F435BC491C6}.Debug|Any CPU.ActiveCfg = Debug|Any CPU
		{904B5BEE-5FD5-4D3E-B46B-8F435BC491C6}.Debug|Any CPU.Build.0 = Debug|Any CPU
		{904B5BEE-5FD5-4D3E-B46B-8F435BC491C6}.Release|Any CPU.ActiveCfg = Release|Any CPU
		{904B5BEE-5FD5-4D3E-B46B-8F435BC491C6}.Release|Any CPU.Build.0 = Release|Any CPU
		{C2DC6C8C-AA80-47D9-B2A7-DC596D01FCBA}.Debug|Any CPU.ActiveCfg = Debug|Any CPU
		{C2DC6C8C-AA80-47D9-B2A7-DC596D01FCBA}.Debug|Any CPU.Build.0 = Debug|Any CPU
		{C2DC6C8C-AA80-47D9-B2A7-DC596D01FCBA}.Release|Any CPU.ActiveCfg = Release|Any CPU
		{C2DC6C8C-AA80-47D9-B2A7-DC596D01FCBA}.Release|Any CPU.Build.0 = Release|Any CPU
		{68206755-4703-47AF-9F72-28ADAB72E0C2}.Debug|Any CPU.ActiveCfg = Debug|Any CPU
		{68206755-4703-47AF-9F72-28ADAB72E0C2}.Debug|Any CPU.Build.0 = Debug|Any CPU
		{68206755-4703-47AF-9F72-28ADAB72E0C2}.Release|Any CPU.ActiveCfg = Release|Any CPU
		{68206755-4703-47AF-9F72-28ADAB72E0C2}.Release|Any CPU.Build.0 = Release|Any CPU
		{D5434850-3B28-4AFF-968A-366BF1A43B83}.Debug|Any CPU.ActiveCfg = Debug|Any CPU
		{D5434850-3B28-4AFF-968A-366BF1A43B83}.Debug|Any CPU.Build.0 = Debug|Any CPU
		{D5434850-3B28-4AFF-968A-366BF1A43B83}.Release|Any CPU.ActiveCfg = Release|Any CPU
		{D5434850-3B28-4AFF-968A-366BF1A43B83}.Release|Any CPU.Build.0 = Release|Any CPU
		{F10F938A-E18E-4531-9659-2CED866C35E7}.Debug|Any CPU.ActiveCfg = Debug|Any CPU
		{F10F938A-E18E-4531-9659-2CED866C35E7}.Debug|Any CPU.Build.0 = Debug|Any CPU
		{F10F938A-E18E-4531-9659-2CED866C35E7}.Release|Any CPU.ActiveCfg = Release|Any CPU
		{F10F938A-E18E-4531-9659-2CED866C35E7}.Release|Any CPU.Build.0 = Release|Any CPU
		{55C2BCDA-1BFB-4B1E-978C-E2B0778F0DD3}.Debug|Any CPU.ActiveCfg = Debug|Any CPU
		{55C2BCDA-1BFB-4B1E-978C-E2B0778F0DD3}.Debug|Any CPU.Build.0 = Debug|Any CPU
		{55C2BCDA-1BFB-4B1E-978C-E2B0778F0DD3}.Release|Any CPU.ActiveCfg = Release|Any CPU
		{55C2BCDA-1BFB-4B1E-978C-E2B0778F0DD3}.Release|Any CPU.Build.0 = Release|Any CPU
		{31AC447F-F7F7-4A17-B927-568C9168F958}.Debug|Any CPU.ActiveCfg = Debug|Any CPU
		{31AC447F-F7F7-4A17-B927-568C9168F958}.Debug|Any CPU.Build.0 = Debug|Any CPU
		{31AC447F-F7F7-4A17-B927-568C9168F958}.Release|Any CPU.ActiveCfg = Release|Any CPU
		{31AC447F-F7F7-4A17-B927-568C9168F958}.Release|Any CPU.Build.0 = Release|Any CPU
		{EAE9666E-8801-40B3-8E81-8FB2DA3C0E34}.Debug|Any CPU.ActiveCfg = Debug|Any CPU
		{EAE9666E-8801-40B3-8E81-8FB2DA3C0E34}.Debug|Any CPU.Build.0 = Debug|Any CPU
		{EAE9666E-8801-40B3-8E81-8FB2DA3C0E34}.Release|Any CPU.ActiveCfg = Release|Any CPU
		{EAE9666E-8801-40B3-8E81-8FB2DA3C0E34}.Release|Any CPU.Build.0 = Release|Any CPU
		{2BB61E9C-4C46-48CE-AB28-AE4D82872A27}.Debug|Any CPU.ActiveCfg = Debug|Any CPU
		{2BB61E9C-4C46-48CE-AB28-AE4D82872A27}.Debug|Any CPU.Build.0 = Debug|Any CPU
		{2BB61E9C-4C46-48CE-AB28-AE4D82872A27}.Release|Any CPU.ActiveCfg = Release|Any CPU
		{2BB61E9C-4C46-48CE-AB28-AE4D82872A27}.Release|Any CPU.Build.0 = Release|Any CPU
		{7E74D66A-9492-4DF4-B8E8-68EAA2BB808B}.Debug|Any CPU.ActiveCfg = Debug|Any CPU
		{7E74D66A-9492-4DF4-B8E8-68EAA2BB808B}.Debug|Any CPU.Build.0 = Debug|Any CPU
		{7E74D66A-9492-4DF4-B8E8-68EAA2BB808B}.Release|Any CPU.ActiveCfg = Release|Any CPU
		{7E74D66A-9492-4DF4-B8E8-68EAA2BB808B}.Release|Any CPU.Build.0 = Release|Any CPU
		{C8C69A8C-AE1B-477B-ACFE-42A71AB14FE3}.Debug|Any CPU.ActiveCfg = Debug|Any CPU
		{C8C69A8C-AE1B-477B-ACFE-42A71AB14FE3}.Debug|Any CPU.Build.0 = Debug|Any CPU
		{C8C69A8C-AE1B-477B-ACFE-42A71AB14FE3}.Release|Any CPU.ActiveCfg = Release|Any CPU
		{C8C69A8C-AE1B-477B-ACFE-42A71AB14FE3}.Release|Any CPU.Build.0 = Release|Any CPU
	EndGlobalSection
	GlobalSection(SolutionProperties) = preSolution
		HideSolutionNode = FALSE
	EndGlobalSection
	GlobalSection(NestedProjects) = preSolution
		{9181AE55-D9F9-4BB3-90A3-B8A17AF85EB9} = {52BFE9B8-8CF6-4FBE-BD49-D31E8F18FAD5}
		{08414112-440E-4454-927F-35AC9435DE7E} = {52BFE9B8-8CF6-4FBE-BD49-D31E8F18FAD5}
		{815E57DF-C51A-4C68-95B1-B08E09D1441C} = {52BFE9B8-8CF6-4FBE-BD49-D31E8F18FAD5}
		{7067B24F-A3E4-4C01-BD2C-E62E252C3C1A} = {52BFE9B8-8CF6-4FBE-BD49-D31E8F18FAD5}
		{39F5F7AF-3C6B-41E1-97CC-44FB2B88A67B} = {52BFE9B8-8CF6-4FBE-BD49-D31E8F18FAD5}
		{21DC2279-D22F-4BFC-8AB2-1838D2BD1440} = {D966F5BC-54A3-490F-BE4F-615A245C6AAF}
		{7FDB35AB-3233-45CD-AA5D-6AC17B71931D} = {D966F5BC-54A3-490F-BE4F-615A245C6AAF}
		{E0298CD7-C73B-477B-89DD-586FEC4153C0} = {D966F5BC-54A3-490F-BE4F-615A245C6AAF}
		{904B5BEE-5FD5-4D3E-B46B-8F435BC491C6} = {D966F5BC-54A3-490F-BE4F-615A245C6AAF}
		{C2DC6C8C-AA80-47D9-B2A7-DC596D01FCBA} = {D966F5BC-54A3-490F-BE4F-615A245C6AAF}
		{68206755-4703-47AF-9F72-28ADAB72E0C2} = {34946308-C1AD-431D-A1D5-526F426C1ED5}
		{D5434850-3B28-4AFF-968A-366BF1A43B83} = {34946308-C1AD-431D-A1D5-526F426C1ED5}
		{F10F938A-E18E-4531-9659-2CED866C35E7} = {34946308-C1AD-431D-A1D5-526F426C1ED5}
		{55C2BCDA-1BFB-4B1E-978C-E2B0778F0DD3} = {34946308-C1AD-431D-A1D5-526F426C1ED5}
		{31AC447F-F7F7-4A17-B927-568C9168F958} = {6057AABF-5E29-4A42-86A5-7FFE661D91CA}
		{EAE9666E-8801-40B3-8E81-8FB2DA3C0E34} = {6057AABF-5E29-4A42-86A5-7FFE661D91CA}
		{2BB61E9C-4C46-48CE-AB28-AE4D82872A27} = {6057AABF-5E29-4A42-86A5-7FFE661D91CA}
		{7E74D66A-9492-4DF4-B8E8-68EAA2BB808B} = {6057AABF-5E29-4A42-86A5-7FFE661D91CA}
		{C8C69A8C-AE1B-477B-ACFE-42A71AB14FE3} = {8FD79226-C59E-4B7B-9F1E-A232D55876B9}
	EndGlobalSection
	GlobalSection(ExtensibilityGlobals) = postSolution
		SolutionGuid = {841C5734-F84A-4AEA-B2C9-C085080781FF}
	EndGlobalSection
EndGlobal
